// !$*UTF8*$!
{
	archiveVersion = 1;
	classes = {
	};
	objectVersion = 46;
	objects = {

/* Begin PBXBuildFile section */
		E48E19F51824098600DEE74A /* Foundation.framework in Frameworks */ = {isa = PBXBuildFile; fileRef = E48E19F41824098600DEE74A /* Foundation.framework */; };
		E48E19F71824098600DEE74A /* CoreGraphics.framework in Frameworks */ = {isa = PBXBuildFile; fileRef = E48E19F61824098600DEE74A /* CoreGraphics.framework */; };
		E48E19F91824098600DEE74A /* UIKit.framework in Frameworks */ = {isa = PBXBuildFile; fileRef = E48E19F81824098600DEE74A /* UIKit.framework */; };
		E48E19FF1824098600DEE74A /* InfoPlist.strings in Resources */ = {isa = PBXBuildFile; fileRef = E48E19FD1824098600DEE74A /* InfoPlist.strings */; };
		E48E1A011824098600DEE74A /* main.m in Sources */ = {isa = PBXBuildFile; fileRef = E48E1A001824098600DEE74A /* main.m */; };
		E48E1A051824098600DEE74A /* TabNavAppDelegate.m in Sources */ = {isa = PBXBuildFile; fileRef = E48E1A041824098600DEE74A /* TabNavAppDelegate.m */; };
		E48E1A081824098600DEE74A /* Main.storyboard in Resources */ = {isa = PBXBuildFile; fileRef = E48E1A061824098600DEE74A /* Main.storyboard */; };
		E48E1A0B1824098600DEE74A /* TabNavFirstViewController.m in Sources */ = {isa = PBXBuildFile; fileRef = E48E1A0A1824098600DEE74A /* TabNavFirstViewController.m */; };
		E48E1A0E1824098600DEE74A /* TabNavSecondViewController.m in Sources */ = {isa = PBXBuildFile; fileRef = E48E1A0D1824098600DEE74A /* TabNavSecondViewController.m */; };
		E48E1A101824098600DEE74A /* Images.xcassets in Resources */ = {isa = PBXBuildFile; fileRef = E48E1A0F1824098600DEE74A /* Images.xcassets */; };
		E48E1A171824098600DEE74A /* XCTest.framework in Frameworks */ = {isa = PBXBuildFile; fileRef = E48E1A161824098600DEE74A /* XCTest.framework */; };
		E48E1A181824098600DEE74A /* Foundation.framework in Frameworks */ = {isa = PBXBuildFile; fileRef = E48E19F41824098600DEE74A /* Foundation.framework */; };
		E48E1A191824098600DEE74A /* UIKit.framework in Frameworks */ = {isa = PBXBuildFile; fileRef = E48E19F81824098600DEE74A /* UIKit.framework */; };
		E48E1A211824098700DEE74A /* InfoPlist.strings in Resources */ = {isa = PBXBuildFile; fileRef = E48E1A1F1824098700DEE74A /* InfoPlist.strings */; };
		E48E1A231824098700DEE74A /* TabNavStatusBarTestTests.m in Sources */ = {isa = PBXBuildFile; fileRef = E48E1A221824098700DEE74A /* TabNavStatusBarTestTests.m */; };
		E4919BCC1827F28E0005EB13 /* FirstDetailsViewController.m in Sources */ = {isa = PBXBuildFile; fileRef = E4919BCB1827F28E0005EB13 /* FirstDetailsViewController.m */; };
		E4919BCE182815C70005EB13 /* MapKit.framework in Frameworks */ = {isa = PBXBuildFile; fileRef = E4919BCD182815C70005EB13 /* MapKit.framework */; };
/* End PBXBuildFile section */

/* Begin PBXContainerItemProxy section */
		E48E1A1A1824098700DEE74A /* PBXContainerItemProxy */ = {
			isa = PBXContainerItemProxy;
			containerPortal = E48E19E91824098600DEE74A /* Project object */;
			proxyType = 1;
			remoteGlobalIDString = E48E19F01824098600DEE74A;
			remoteInfo = TabNavStatusBarTest;
		};
/* End PBXContainerItemProxy section */

/* Begin PBXFileReference section */
		E48E19F11824098600DEE74A /* TabNavStatusBarTest.app */ = {isa = PBXFileReference; explicitFileType = wrapper.application; includeInIndex = 0; path = TabNavStatusBarTest.app; sourceTree = BUILT_PRODUCTS_DIR; };
		E48E19F41824098600DEE74A /* Foundation.framework */ = {isa = PBXFileReference; lastKnownFileType = wrapper.framework; name = Foundation.framework; path = System/Library/Frameworks/Foundation.framework; sourceTree = SDKROOT; };
		E48E19F61824098600DEE74A /* CoreGraphics.framework */ = {isa = PBXFileReference; lastKnownFileType = wrapper.framework; name = CoreGraphics.framework; path = System/Library/Frameworks/CoreGraphics.framework; sourceTree = SDKROOT; };
		E48E19F81824098600DEE74A /* UIKit.framework */ = {isa = PBXFileReference; lastKnownFileType = wrapper.framework; name = UIKit.framework; path = System/Library/Frameworks/UIKit.framework; sourceTree = SDKROOT; };
		E48E19FC1824098600DEE74A /* TabNavStatusBarTest-Info.plist */ = {isa = PBXFileReference; lastKnownFileType = text.plist.xml; path = "TabNavStatusBarTest-Info.plist"; sourceTree = "<group>"; };
		E48E19FE1824098600DEE74A /* en */ = {isa = PBXFileReference; lastKnownFileType = text.plist.strings; name = en; path = en.lproj/InfoPlist.strings; sourceTree = "<group>"; };
		E48E1A001824098600DEE74A /* main.m */ = {isa = PBXFileReference; lastKnownFileType = sourcecode.c.objc; path = main.m; sourceTree = "<group>"; };
		E48E1A021824098600DEE74A /* TabNavStatusBarTest-Prefix.pch */ = {isa = PBXFileReference; lastKnownFileType = sourcecode.c.h; path = "TabNavStatusBarTest-Prefix.pch"; sourceTree = "<group>"; };
		E48E1A031824098600DEE74A /* TabNavAppDelegate.h */ = {isa = PBXFileReference; lastKnownFileType = sourcecode.c.h; path = TabNavAppDelegate.h; sourceTree = "<group>"; };
		E48E1A041824098600DEE74A /* TabNavAppDelegate.m */ = {isa = PBXFileReference; lastKnownFileType = sourcecode.c.objc; path = TabNavAppDelegate.m; sourceTree = "<group>"; };
		E48E1A071824098600DEE74A /* Base */ = {isa = PBXFileReference; lastKnownFileType = file.storyboard; name = Base; path = Base.lproj/Main.storyboard; sourceTree = "<group>"; };
		E48E1A091824098600DEE74A /* TabNavFirstViewController.h */ = {isa = PBXFileReference; lastKnownFileType = sourcecode.c.h; path = TabNavFirstViewController.h; sourceTree = "<group>"; };
		E48E1A0A1824098600DEE74A /* TabNavFirstViewController.m */ = {isa = PBXFileReference; lastKnownFileType = sourcecode.c.objc; path = TabNavFirstViewController.m; sourceTree = "<group>"; };
		E48E1A0C1824098600DEE74A /* TabNavSecondViewController.h */ = {isa = PBXFileReference; lastKnownFileType = sourcecode.c.h; path = TabNavSecondViewController.h; sourceTree = "<group>"; };
		E48E1A0D1824098600DEE74A /* TabNavSecondViewController.m */ = {isa = PBXFileReference; lastKnownFileType = sourcecode.c.objc; path = TabNavSecondViewController.m; sourceTree = "<group>"; };
		E48E1A0F1824098600DEE74A /* Images.xcassets */ = {isa = PBXFileReference; lastKnownFileType = folder.assetcatalog; path = Images.xcassets; sourceTree = "<group>"; };
		E48E1A151824098600DEE74A /* TabNavStatusBarTestTests.xctest */ = {isa = PBXFileReference; explicitFileType = wrapper.cfbundle; includeInIndex = 0; path = TabNavStatusBarTestTests.xctest; sourceTree = BUILT_PRODUCTS_DIR; };
		E48E1A161824098600DEE74A /* XCTest.framework */ = {isa = PBXFileReference; lastKnownFileType = wrapper.framework; name = XCTest.framework; path = Library/Frameworks/XCTest.framework; sourceTree = DEVELOPER_DIR; };
		E48E1A1E1824098700DEE74A /* TabNavStatusBarTestTests-Info.plist */ = {isa = PBXFileReference; lastKnownFileType = text.plist.xml; path = "TabNavStatusBarTestTests-Info.plist"; sourceTree = "<group>"; };
		E48E1A201824098700DEE74A /* en */ = {isa = PBXFileReference; lastKnownFileType = text.plist.strings; name = en; path = en.lproj/InfoPlist.strings; sourceTree = "<group>"; };
		E48E1A221824098700DEE74A /* TabNavStatusBarTestTests.m */ = {isa = PBXFileReference; lastKnownFileType = sourcecode.c.objc; path = TabNavStatusBarTestTests.m; sourceTree = "<group>"; };
		E4919BCA1827F28E0005EB13 /* FirstDetailsViewController.h */ = {isa = PBXFileReference; fileEncoding = 4; lastKnownFileType = sourcecode.c.h; path = FirstDetailsViewController.h; sourceTree = "<group>"; };
		E4919BCB1827F28E0005EB13 /* FirstDetailsViewController.m */ = {isa = PBXFileReference; fileEncoding = 4; lastKnownFileType = sourcecode.c.objc; path = FirstDetailsViewController.m; sourceTree = "<group>"; };
		E4919BCD182815C70005EB13 /* MapKit.framework */ = {isa = PBXFileReference; lastKnownFileType = wrapper.framework; name = MapKit.framework; path = System/Library/Frameworks/MapKit.framework; sourceTree = SDKROOT; };
/* End PBXFileReference section */

/* Begin PBXFrameworksBuildPhase section */
		E48E19EE1824098600DEE74A /* Frameworks */ = {
			isa = PBXFrameworksBuildPhase;
			buildActionMask = 2147483647;
			files = (
				E4919BCE182815C70005EB13 /* MapKit.framework in Frameworks */,
				E48E19F71824098600DEE74A /* CoreGraphics.framework in Frameworks */,
				E48E19F91824098600DEE74A /* UIKit.framework in Frameworks */,
				E48E19F51824098600DEE74A /* Foundation.framework in Frameworks */,
			);
			runOnlyForDeploymentPostprocessing = 0;
		};
		E48E1A121824098600DEE74A /* Frameworks */ = {
			isa = PBXFrameworksBuildPhase;
			buildActionMask = 2147483647;
			files = (
				E48E1A171824098600DEE74A /* XCTest.framework in Frameworks */,
				E48E1A191824098600DEE74A /* UIKit.framework in Frameworks */,
				E48E1A181824098600DEE74A /* Foundation.framework in Frameworks */,
			);
			runOnlyForDeploymentPostprocessing = 0;
		};
/* End PBXFrameworksBuildPhase section */

/* Begin PBXGroup section */
		E48E19E81824098600DEE74A = {
			isa = PBXGroup;
			children = (
				E48E19FA1824098600DEE74A /* TabNavStatusBarTest */,
				E48E1A1C1824098700DEE74A /* TabNavStatusBarTestTests */,
				E48E19F31824098600DEE74A /* Frameworks */,
				E48E19F21824098600DEE74A /* Products */,
			);
			sourceTree = "<group>";
		};
		E48E19F21824098600DEE74A /* Products */ = {
			isa = PBXGroup;
			children = (
				E48E19F11824098600DEE74A /* TabNavStatusBarTest.app */,
				E48E1A151824098600DEE74A /* TabNavStatusBarTestTests.xctest */,
			);
			name = Products;
			sourceTree = "<group>";
		};
		E48E19F31824098600DEE74A /* Frameworks */ = {
			isa = PBXGroup;
			children = (
				E4919BCD182815C70005EB13 /* MapKit.framework */,
				E48E19F41824098600DEE74A /* Foundation.framework */,
				E48E19F61824098600DEE74A /* CoreGraphics.framework */,
				E48E19F81824098600DEE74A /* UIKit.framework */,
				E48E1A161824098600DEE74A /* XCTest.framework */,
			);
			name = Frameworks;
			sourceTree = "<group>";
		};
		E48E19FA1824098600DEE74A /* TabNavStatusBarTest */ = {
			isa = PBXGroup;
			children = (
				E48E1A031824098600DEE74A /* TabNavAppDelegate.h */,
				E48E1A041824098600DEE74A /* TabNavAppDelegate.m */,
				E48E1A061824098600DEE74A /* Main.storyboard */,
				E4919BCA1827F28E0005EB13 /* FirstDetailsViewController.h */,
				E4919BCB1827F28E0005EB13 /* FirstDetailsViewController.m */,
				E48E1A091824098600DEE74A /* TabNavFirstViewController.h */,
				E48E1A0A1824098600DEE74A /* TabNavFirstViewController.m */,
				E48E1A0C1824098600DEE74A /* TabNavSecondViewController.h */,
				E48E1A0D1824098600DEE74A /* TabNavSecondViewController.m */,
				E48E1A0F1824098600DEE74A /* Images.xcassets */,
				E48E19FB1824098600DEE74A /* Supporting Files */,
			);
			path = TabNavStatusBarTest;
			sourceTree = "<group>";
		};
		E48E19FB1824098600DEE74A /* Supporting Files */ = {
			isa = PBXGroup;
			children = (
				E48E19FC1824098600DEE74A /* TabNavStatusBarTest-Info.plist */,
				E48E19FD1824098600DEE74A /* InfoPlist.strings */,
				E48E1A001824098600DEE74A /* main.m */,
				E48E1A021824098600DEE74A /* TabNavStatusBarTest-Prefix.pch */,
			);
			name = "Supporting Files";
			sourceTree = "<group>";
		};
		E48E1A1C1824098700DEE74A /* TabNavStatusBarTestTests */ = {
			isa = PBXGroup;
			children = (
				E48E1A221824098700DEE74A /* TabNavStatusBarTestTests.m */,
				E48E1A1D1824098700DEE74A /* Supporting Files */,
			);
			path = TabNavStatusBarTestTests;
			sourceTree = "<group>";
		};
		E48E1A1D1824098700DEE74A /* Supporting Files */ = {
			isa = PBXGroup;
			children = (
				E48E1A1E1824098700DEE74A /* TabNavStatusBarTestTests-Info.plist */,
				E48E1A1F1824098700DEE74A /* InfoPlist.strings */,
			);
			name = "Supporting Files";
			sourceTree = "<group>";
		};
/* End PBXGroup section */

/* Begin PBXNativeTarget section */
		E48E19F01824098600DEE74A /* TabNavStatusBarTest */ = {
			isa = PBXNativeTarget;
			buildConfigurationList = E48E1A261824098700DEE74A /* Build configuration list for PBXNativeTarget "TabNavStatusBarTest" */;
			buildPhases = (
				E48E19ED1824098600DEE74A /* Sources */,
				E48E19EE1824098600DEE74A /* Frameworks */,
				E48E19EF1824098600DEE74A /* Resources */,
			);
			buildRules = (
			);
			dependencies = (
			);
			name = TabNavStatusBarTest;
			productName = TabNavStatusBarTest;
			productReference = E48E19F11824098600DEE74A /* TabNavStatusBarTest.app */;
			productType = "com.apple.product-type.application";
		};
		E48E1A141824098600DEE74A /* TabNavStatusBarTestTests */ = {
			isa = PBXNativeTarget;
			buildConfigurationList = E48E1A291824098700DEE74A /* Build configuration list for PBXNativeTarget "TabNavStatusBarTestTests" */;
			buildPhases = (
				E48E1A111824098600DEE74A /* Sources */,
				E48E1A121824098600DEE74A /* Frameworks */,
				E48E1A131824098600DEE74A /* Resources */,
			);
			buildRules = (
			);
			dependencies = (
				E48E1A1B1824098700DEE74A /* PBXTargetDependency */,
			);
			name = TabNavStatusBarTestTests;
			productName = TabNavStatusBarTestTests;
			productReference = E48E1A151824098600DEE74A /* TabNavStatusBarTestTests.xctest */;
			productType = "com.apple.product-type.bundle.unit-test";
		};
/* End PBXNativeTarget section */

/* Begin PBXProject section */
		E48E19E91824098600DEE74A /* Project object */ = {
			isa = PBXProject;
			attributes = {
				CLASSPREFIX = TabNav;
				LastUpgradeCheck = 0500;
				ORGANIZATIONNAME = "Miguel Moreno";
				TargetAttributes = {
					E48E1A141824098600DEE74A = {
						TestTargetID = E48E19F01824098600DEE74A;
					};
				};
			};
			buildConfigurationList = E48E19EC1824098600DEE74A /* Build configuration list for PBXProject "TabNavStatusBarTest" */;
			compatibilityVersion = "Xcode 3.2";
			developmentRegion = English;
			hasScannedForEncodings = 0;
			knownRegions = (
				en,
				Base,
			);
			mainGroup = E48E19E81824098600DEE74A;
			productRefGroup = E48E19F21824098600DEE74A /* Products */;
			projectDirPath = "";
			projectRoot = "";
			targets = (
				E48E19F01824098600DEE74A /* TabNavStatusBarTest */,
				E48E1A141824098600DEE74A /* TabNavStatusBarTestTests */,
			);
		};
/* End PBXProject section */

/* Begin PBXResourcesBuildPhase section */
		E48E19EF1824098600DEE74A /* Resources */ = {
			isa = PBXResourcesBuildPhase;
			buildActionMask = 2147483647;
			files = (
				E48E1A101824098600DEE74A /* Images.xcassets in Resources */,
				E48E19FF1824098600DEE74A /* InfoPlist.strings in Resources */,
				E48E1A081824098600DEE74A /* Main.storyboard in Resources */,
			);
			runOnlyForDeploymentPostprocessing = 0;
		};
		E48E1A131824098600DEE74A /* Resources */ = {
			isa = PBXResourcesBuildPhase;
			buildActionMask = 2147483647;
			files = (
				E48E1A211824098700DEE74A /* InfoPlist.strings in Resources */,
			);
			runOnlyForDeploymentPostprocessing = 0;
		};
/* End PBXResourcesBuildPhase section */

/* Begin PBXSourcesBuildPhase section */
		E48E19ED1824098600DEE74A /* Sources */ = {
			isa = PBXSourcesBuildPhase;
			buildActionMask = 2147483647;
			files = (
				E48E1A0B1824098600DEE74A /* TabNavFirstViewController.m in Sources */,
				E48E1A051824098600DEE74A /* TabNavAppDelegate.m in Sources */,
				E48E1A0E1824098600DEE74A /* TabNavSecondViewController.m in Sources */,
				E4919BCC1827F28E0005EB13 /* FirstDetailsViewController.m in Sources */,
				E48E1A011824098600DEE74A /* main.m in Sources */,
			);
			runOnlyForDeploymentPostprocessing = 0;
		};
		E48E1A111824098600DEE74A /* Sources */ = {
			isa = PBXSourcesBuildPhase;
			buildActionMask = 2147483647;
			files = (
				E48E1A231824098700DEE74A /* TabNavStatusBarTestTests.m in Sources */,
			);
			runOnlyForDeploymentPostprocessing = 0;
		};
/* End PBXSourcesBuildPhase section */

/* Begin PBXTargetDependency section */
		E48E1A1B1824098700DEE74A /* PBXTargetDependency */ = {
			isa = PBXTargetDependency;
			target = E48E19F01824098600DEE74A /* TabNavStatusBarTest */;
			targetProxy = E48E1A1A1824098700DEE74A /* PBXContainerItemProxy */;
		};
/* End PBXTargetDependency section */

/* Begin PBXVariantGroup section */
		E48E19FD1824098600DEE74A /* InfoPlist.strings */ = {
			isa = PBXVariantGroup;
			children = (
				E48E19FE1824098600DEE74A /* en */,
			);
			name = InfoPlist.strings;
			sourceTree = "<group>";
		};
		E48E1A061824098600DEE74A /* Main.storyboard */ = {
			isa = PBXVariantGroup;
			children = (
				E48E1A071824098600DEE74A /* Base */,
			);
			name = Main.storyboard;
			sourceTree = "<group>";
		};
		E48E1A1F1824098700DEE74A /* InfoPlist.strings */ = {
			isa = PBXVariantGroup;
			children = (
				E48E1A201824098700DEE74A /* en */,
			);
			name = InfoPlist.strings;
			sourceTree = "<group>";
		};
/* End PBXVariantGroup section */

/* Begin XCBuildConfiguration section */
		E48E1A241824098700DEE74A /* Debug */ = {
			isa = XCBuildConfiguration;
			buildSettings = {
				ALWAYS_SEARCH_USER_PATHS = NO;
				ARCHS = "$(ARCHS_STANDARD_INCLUDING_64_BIT)";
				CLANG_CXX_LANGUAGE_STANDARD = "gnu++0x";
				CLANG_CXX_LIBRARY = "libc++";
				CLANG_ENABLE_MODULES = YES;
				CLANG_ENABLE_OBJC_ARC = YES;
				CLANG_WARN_BOOL_CONVERSION = YES;
				CLANG_WARN_CONSTANT_CONVERSION = YES;
				CLANG_WARN_DIRECT_OBJC_ISA_USAGE = YES_ERROR;
				CLANG_WARN_EMPTY_BODY = YES;
				CLANG_WARN_ENUM_CONVERSION = YES;
				CLANG_WARN_INT_CONVERSION = YES;
				CLANG_WARN_OBJC_ROOT_CLASS = YES_ERROR;
				CLANG_WARN__DUPLICATE_METHOD_MATCH = YES;
				"CODE_SIGN_IDENTITY[sdk=iphoneos*]" = "iPhone Developer";
				COPY_PHASE_STRIP = NO;
				GCC_C_LANGUAGE_STANDARD = gnu99;
				GCC_DYNAMIC_NO_PIC = NO;
				GCC_OPTIMIZATION_LEVEL = 0;
				GCC_PREPROCESSOR_DEFINITIONS = (
					"DEBUG=1",
					"$(inherited)",
				);
				GCC_SYMBOLS_PRIVATE_EXTERN = NO;
				GCC_WARN_64_TO_32_BIT_CONVERSION = YES;
				GCC_WARN_ABOUT_RETURN_TYPE = YES_ERROR;
				GCC_WARN_UNDECLARED_SELECTOR = YES;
				GCC_WARN_UNINITIALIZED_AUTOS = YES;
				GCC_WARN_UNUSED_FUNCTION = YES;
				GCC_WARN_UNUSED_VARIABLE = YES;
				IPHONEOS_DEPLOYMENT_TARGET = 7.0;
				ONLY_ACTIVE_ARCH = YES;
				SDKROOT = iphoneos;
			};
			name = Debug;
		};
		E48E1A251824098700DEE74A /* Release */ = {
			isa = XCBuildConfiguration;
			buildSettings = {
				ALWAYS_SEARCH_USER_PATHS = NO;
				ARCHS = "$(ARCHS_STANDARD_INCLUDING_64_BIT)";
				CLANG_CXX_LANGUAGE_STANDARD = "gnu++0x";
				CLANG_CXX_LIBRARY = "libc++";
				CLANG_ENABLE_MODULES = YES;
				CLANG_ENABLE_OBJC_ARC = YES;
				CLANG_WARN_BOOL_CONVERSION = YES;
				CLANG_WARN_CONSTANT_CONVERSION = YES;
				CLANG_WARN_DIRECT_OBJC_ISA_USAGE = YES_ERROR;
				CLANG_WARN_EMPTY_BODY = YES;
				CLANG_WARN_ENUM_CONVERSION = YES;
				CLANG_WARN_INT_CONVERSION = YES;
				CLANG_WARN_OBJC_ROOT_CLASS = YES_ERROR;
				CLANG_WARN__DUPLICATE_METHOD_MATCH = YES;
				"CODE_SIGN_IDENTITY[sdk=iphoneos*]" = "iPhone Developer";
				COPY_PHASE_STRIP = YES;
				ENABLE_NS_ASSERTIONS = NO;
				GCC_C_LANGUAGE_STANDARD = gnu99;
				GCC_WARN_64_TO_32_BIT_CONVERSION = YES;
				GCC_WARN_ABOUT_RETURN_TYPE = YES_ERROR;
				GCC_WARN_UNDECLARED_SELECTOR = YES;
				GCC_WARN_UNINITIALIZED_AUTOS = YES;
				GCC_WARN_UNUSED_FUNCTION = YES;
				GCC_WARN_UNUSED_VARIABLE = YES;
				IPHONEOS_DEPLOYMENT_TARGET = 7.0;
				SDKROOT = iphoneos;
				VALIDATE_PRODUCT = YES;
			};
			name = Release;
		};
		E48E1A271824098700DEE74A /* Debug */ = {
			isa = XCBuildConfiguration;
			buildSettings = {
				ARCHS = "$(ARCHS_STANDARD)";
				ASSETCATALOG_COMPILER_APPICON_NAME = AppIcon;
				ASSETCATALOG_COMPILER_LAUNCHIMAGE_NAME = LaunchImage;
				GCC_PRECOMPILE_PREFIX_HEADER = YES;
				GCC_PREFIX_HEADER = "TabNavStatusBarTest/TabNavStatusBarTest-Prefix.pch";
				INFOPLIST_FILE = "TabNavStatusBarTest/TabNavStatusBarTest-Info.plist";
				IPHONEOS_DEPLOYMENT_TARGET = 6.0;
				PRODUCT_NAME = "$(TARGET_NAME)";
				WRAPPER_EXTENSION = app;
			};
			name = Debug;
		};
		E48E1A281824098700DEE74A /* Release */ = {
			isa = XCBuildConfiguration;
			buildSettings = {
				ARCHS = "$(ARCHS_STANDARD)";
				ASSETCATALOG_COMPILER_APPICON_NAME = AppIcon;
				ASSETCATALOG_COMPILER_LAUNCHIMAGE_NAME = LaunchImage;
				GCC_PRECOMPILE_PREFIX_HEADER = YES;
				GCC_PREFIX_HEADER = "TabNavStatusBarTest/TabNavStatusBarTest-Prefix.pch";
				INFOPLIST_FILE = "TabNavStatusBarTest/TabNavStatusBarTest-Info.plist";
				IPHONEOS_DEPLOYMENT_TARGET = 6.0;
				PRODUCT_NAME = "$(TARGET_NAME)";
				WRAPPER_EXTENSION = app;
			};
			name = Release;
		};
		E48E1A2A1824098700DEE74A /* Debug */ = {
			isa = XCBuildConfiguration;
			buildSettings = {
				ARCHS = "$(ARCHS_STANDARD_INCLUDING_64_BIT)";
				BUNDLE_LOADER = "$(BUILT_PRODUCTS_DIR)/TabNavStatusBarTest.app/TabNavStatusBarTest";
				FRAMEWORK_SEARCH_PATHS = (
					"$(SDKROOT)/Developer/Library/Frameworks",
					"$(inherited)",
					"$(DEVELOPER_FRAMEWORKS_DIR)",
				);
				GCC_PRECOMPILE_PREFIX_HEADER = YES;
				GCC_PREFIX_HEADER = "TabNavStatusBarTest/TabNavStatusBarTest-Prefix.pch";
				GCC_PREPROCESSOR_DEFINITIONS = (
					"DEBUG=1",
					"$(inherited)",
				);
				INFOPLIST_FILE = "TabNavStatusBarTestTests/TabNavStatusBarTestTests-Info.plist";
				PRODUCT_NAME = "$(TARGET_NAME)";
				TEST_HOST = "$(BUNDLE_LOADER)";
				WRAPPER_EXTENSION = xctest;
			};
			name = Debug;
		};
		E48E1A2B1824098700DEE74A /* Release */ = {
			isa = XCBuildConfiguration;
			buildSettings = {
				ARCHS = "$(ARCHS_STANDARD_INCLUDING_64_BIT)";
				BUNDLE_LOADER = "$(BUILT_PRODUCTS_DIR)/TabNavStatusBarTest.app/TabNavStatusBarTest";
				FRAMEWORK_SEARCH_PATHS = (
					"$(SDKROOT)/Developer/Library/Frameworks",
					"$(inherited)",
					"$(DEVELOPER_FRAMEWORKS_DIR)",
				);
				GCC_PRECOMPILE_PREFIX_HEADER = YES;
				GCC_PREFIX_HEADER = "TabNavStatusBarTest/TabNavStatusBarTest-Prefix.pch";
				INFOPLIST_FILE = "TabNavStatusBarTestTests/TabNavStatusBarTestTests-Info.plist";
				PRODUCT_NAME = "$(TARGET_NAME)";
				TEST_HOST = "$(BUNDLE_LOADER)";
				WRAPPER_EXTENSION = xctest;
			};
			name = Release;
		};
/* End XCBuildConfiguration section */

/* Begin XCConfigurationList section */
		E48E19EC1824098600DEE74A /* Build configuration list for PBXProject "TabNavStatusBarTest" */ = {
			isa = XCConfigurationList;
			buildConfigurations = (
				E48E1A241824098700DEE74A /* Debug */,
				E48E1A251824098700DEE74A /* Release */,
			);
			defaultConfigurationIsVisible = 0;
			defaultConfigurationName = Release;
		};
		E48E1A261824098700DEE74A /* Build configuration list for PBXNativeTarget "TabNavStatusBarTest" */ = {
			isa = XCConfigurationList;
			buildConfigurations = (
				E48E1A271824098700DEE74A /* Debug */,
				E48E1A281824098700DEE74A /* Release */,
			);
			defaultConfigurationIsVisible = 0;
			defaultConfigurationName = Release;
		};
		E48E1A291824098700DEE74A /* Build configuration list for PBXNativeTarget "TabNavStatusBarTestTests" */ = {
			isa = XCConfigurationList;
			buildConfigurations = (
				E48E1A2A1824098700DEE74A /* Debug */,
				E48E1A2B1824098700DEE74A /* Release */,
			);
			defaultConfigurationIsVisible = 0;
			defaultConfigurationName = Release;
		};
/* End XCConfigurationList section */
	};
	rootObject = E48E19E91824098600DEE74A /* Project object */;
}
